// !$*UTF8*$!
{
	archiveVersion = 1;
	classes = {
	};
	objectVersion = 56;
	objects = {

/* Begin PBXBuildFile section */
		C0D4A28B2A9224FA0000DAD2 /* FindFlightAppApp.swift in Sources */ = {isa = PBXBuildFile; fileRef = C0D4A28A2A9224FA0000DAD2 /* FindFlightAppApp.swift */; };
		C0D4A28F2A9224FC0000DAD2 /* Assets.xcassets in Resources */ = {isa = PBXBuildFile; fileRef = C0D4A28E2A9224FC0000DAD2 /* Assets.xcassets */; };
		C0D4A2922A9224FC0000DAD2 /* Preview Assets.xcassets in Resources */ = {isa = PBXBuildFile; fileRef = C0D4A2912A9224FC0000DAD2 /* Preview Assets.xcassets */; };
		C0D4A29C2A9224FC0000DAD2 /* FindFlightAppTests.swift in Sources */ = {isa = PBXBuildFile; fileRef = C0D4A29B2A9224FC0000DAD2 /* FindFlightAppTests.swift */; };
		C0D4A2A62A9224FC0000DAD2 /* FindFlightAppUITests.swift in Sources */ = {isa = PBXBuildFile; fileRef = C0D4A2A52A9224FC0000DAD2 /* FindFlightAppUITests.swift */; };
		C0D4A2A82A9224FC0000DAD2 /* FindFlightAppUITestsLaunchTests.swift in Sources */ = {isa = PBXBuildFile; fileRef = C0D4A2A72A9224FC0000DAD2 /* FindFlightAppUITestsLaunchTests.swift */; };
		C0D4A2BC2A9225D50000DAD2 /* APIService.swift in Sources */ = {isa = PBXBuildFile; fileRef = C0D4A2B82A9225D50000DAD2 /* APIService.swift */; };
		C0D4A2BD2A9225D50000DAD2 /* GraphQLOperation.swift in Sources */ = {isa = PBXBuildFile; fileRef = C0D4A2B92A9225D50000DAD2 /* GraphQLOperation.swift */; };
		C0D4A2BE2A9225D50000DAD2 /* NetworkError.swift in Sources */ = {isa = PBXBuildFile; fileRef = C0D4A2BA2A9225D50000DAD2 /* NetworkError.swift */; };
		C0D4A2BF2A9225D50000DAD2 /* GraphQLResult.swift in Sources */ = {isa = PBXBuildFile; fileRef = C0D4A2BB2A9225D50000DAD2 /* GraphQLResult.swift */; };
		C0D4A2C62A9226590000DAD2 /* PlacesService.swift in Sources */ = {isa = PBXBuildFile; fileRef = C0D4A2C22A9226590000DAD2 /* PlacesService.swift */; };
		C0D4A2C72A9226590000DAD2 /* PlacesOutput.swift in Sources */ = {isa = PBXBuildFile; fileRef = C0D4A2C32A9226590000DAD2 /* PlacesOutput.swift */; };
		C0D4A2C82A9226590000DAD2 /* PlacesInput.swift in Sources */ = {isa = PBXBuildFile; fileRef = C0D4A2C42A9226590000DAD2 /* PlacesInput.swift */; };
		C0D4A2C92A9226590000DAD2 /* PlacesQueryBody.swift in Sources */ = {isa = PBXBuildFile; fileRef = C0D4A2C52A9226590000DAD2 /* PlacesQueryBody.swift */; };
		C0D4A2CF2A9227440000DAD2 /* FlightsOutput.swift in Sources */ = {isa = PBXBuildFile; fileRef = C0D4A2CB2A9227440000DAD2 /* FlightsOutput.swift */; };
		C0D4A2D02A9227440000DAD2 /* FlightsQueryBody.swift in Sources */ = {isa = PBXBuildFile; fileRef = C0D4A2CC2A9227440000DAD2 /* FlightsQueryBody.swift */; };
		C0D4A2D12A9227440000DAD2 /* FlightsService.swift in Sources */ = {isa = PBXBuildFile; fileRef = C0D4A2CD2A9227440000DAD2 /* FlightsService.swift */; };
		C0D4A2D22A9227440000DAD2 /* FlightsInput.swift in Sources */ = {isa = PBXBuildFile; fileRef = C0D4A2CE2A9227440000DAD2 /* FlightsInput.swift */; };
		C0D4A2DA2A9227E50000DAD2 /* FlightsPresenter.swift in Sources */ = {isa = PBXBuildFile; fileRef = C0D4A2D82A9227E50000DAD2 /* FlightsPresenter.swift */; };
		C0D4A2DB2A9227E50000DAD2 /* FlightsMapper.swift in Sources */ = {isa = PBXBuildFile; fileRef = C0D4A2D92A9227E50000DAD2 /* FlightsMapper.swift */; };
		C0D4A2DF2A9227FF0000DAD2 /* FlightsPresenting.swift in Sources */ = {isa = PBXBuildFile; fileRef = C0D4A2DC2A9227FF0000DAD2 /* FlightsPresenting.swift */; };
		C0D4A2E02A9227FF0000DAD2 /* FlightsScene.swift in Sources */ = {isa = PBXBuildFile; fileRef = C0D4A2DD2A9227FF0000DAD2 /* FlightsScene.swift */; };
		C0D4A2E12A9227FF0000DAD2 /* FlightsViewModel.swift in Sources */ = {isa = PBXBuildFile; fileRef = C0D4A2DE2A9227FF0000DAD2 /* FlightsViewModel.swift */; };
		C0D4A2E42A92280F0000DAD2 /* FlightsObservable.swift in Sources */ = {isa = PBXBuildFile; fileRef = C0D4A2E32A92280F0000DAD2 /* FlightsObservable.swift */; };
		C0D4A2E82A9228150000DAD2 /* FlightListView.swift in Sources */ = {isa = PBXBuildFile; fileRef = C0D4A2E52A9228150000DAD2 /* FlightListView.swift */; };
		C0D4A2E92A9228150000DAD2 /* FlightItemView.swift in Sources */ = {isa = PBXBuildFile; fileRef = C0D4A2E62A9228150000DAD2 /* FlightItemView.swift */; };
		C0D4A2EA2A9228150000DAD2 /* FlightsView.swift in Sources */ = {isa = PBXBuildFile; fileRef = C0D4A2E72A9228150000DAD2 /* FlightsView.swift */; };
		C0D4A2EC2A9228270000DAD2 /* FlightsScreenBuilder.swift in Sources */ = {isa = PBXBuildFile; fileRef = C0D4A2EB2A9228270000DAD2 /* FlightsScreenBuilder.swift */; };
		C0D4A2EE2A92282E0000DAD2 /* Launcher.swift in Sources */ = {isa = PBXBuildFile; fileRef = C0D4A2ED2A92282E0000DAD2 /* Launcher.swift */; };
		C0D4A2F02A9229580000DAD2 /* FlightsPresenterTests.swift in Sources */ = {isa = PBXBuildFile; fileRef = C0D4A2EF2A9229580000DAD2 /* FlightsPresenterTests.swift */; };
		C0D4A2F22A9229710000DAD2 /* APIServiceInterface.swift in Sources */ = {isa = PBXBuildFile; fileRef = C0D4A2F12A9229710000DAD2 /* APIServiceInterface.swift */; };
		C0D4A2F32A9229710000DAD2 /* APIServiceInterface.swift in Sources */ = {isa = PBXBuildFile; fileRef = C0D4A2F12A9229710000DAD2 /* APIServiceInterface.swift */; };
		C0D4A2F42A922A260000DAD2 /* GraphQLOperation.swift in Sources */ = {isa = PBXBuildFile; fileRef = C0D4A2B92A9225D50000DAD2 /* GraphQLOperation.swift */; };
		C0D4A2F52A922A2F0000DAD2 /* FlightsPresenter.swift in Sources */ = {isa = PBXBuildFile; fileRef = C0D4A2D82A9227E50000DAD2 /* FlightsPresenter.swift */; };
		C0D4A2F62A922A340000DAD2 /* FlightsViewModel.swift in Sources */ = {isa = PBXBuildFile; fileRef = C0D4A2DE2A9227FF0000DAD2 /* FlightsViewModel.swift */; };
		C0D4A2F72A922A340000DAD2 /* FlightsPresenting.swift in Sources */ = {isa = PBXBuildFile; fileRef = C0D4A2DC2A9227FF0000DAD2 /* FlightsPresenting.swift */; };
		C0D4A2F82A922A340000DAD2 /* FlightsScene.swift in Sources */ = {isa = PBXBuildFile; fileRef = C0D4A2DD2A9227FF0000DAD2 /* FlightsScene.swift */; };
		C0D4A2FA2A922A980000DAD2 /* FlightsServiceInterface.swift in Sources */ = {isa = PBXBuildFile; fileRef = C0D4A2F92A922A980000DAD2 /* FlightsServiceInterface.swift */; };
		C0D4A2FB2A922A980000DAD2 /* FlightsServiceInterface.swift in Sources */ = {isa = PBXBuildFile; fileRef = C0D4A2F92A922A980000DAD2 /* FlightsServiceInterface.swift */; };
		C0D4A2FD2A922AB80000DAD2 /* PlacesServiceInterface.swift in Sources */ = {isa = PBXBuildFile; fileRef = C0D4A2FC2A922AB80000DAD2 /* PlacesServiceInterface.swift */; };
		C0D4A2FE2A922AB80000DAD2 /* PlacesServiceInterface.swift in Sources */ = {isa = PBXBuildFile; fileRef = C0D4A2FC2A922AB80000DAD2 /* PlacesServiceInterface.swift */; };
		C0D4A2FF2A922B3F0000DAD2 /* PlacesInput.swift in Sources */ = {isa = PBXBuildFile; fileRef = C0D4A2C42A9226590000DAD2 /* PlacesInput.swift */; };
		C0D4A3002A922B3F0000DAD2 /* PlacesOutput.swift in Sources */ = {isa = PBXBuildFile; fileRef = C0D4A2C32A9226590000DAD2 /* PlacesOutput.swift */; };
		C0D4A3012A922B470000DAD2 /* FlightsOutput.swift in Sources */ = {isa = PBXBuildFile; fileRef = C0D4A2CB2A9227440000DAD2 /* FlightsOutput.swift */; };
		C0D4A3022A922B470000DAD2 /* FlightsInput.swift in Sources */ = {isa = PBXBuildFile; fileRef = C0D4A2CE2A9227440000DAD2 /* FlightsInput.swift */; };
		C0D4A3052A922BCB0000DAD2 /* Mocks.swift in Sources */ = {isa = PBXBuildFile; fileRef = C0D4A3032A922BCB0000DAD2 /* Mocks.swift */; };
		C0D4A3062A9238A20000DAD2 /* NetworkError.swift in Sources */ = {isa = PBXBuildFile; fileRef = C0D4A2BA2A9225D50000DAD2 /* NetworkError.swift */; };
		C0D4A3072A923C790000DAD2 /* FlightsMapper.swift in Sources */ = {isa = PBXBuildFile; fileRef = C0D4A2D92A9227E50000DAD2 /* FlightsMapper.swift */; };
		C0D4A30A2A9242720000DAD2 /* Builders.swift in Sources */ = {isa = PBXBuildFile; fileRef = C0D4A3092A9242720000DAD2 /* Builders.swift */; };
/* End PBXBuildFile section */

/* Begin PBXContainerItemProxy section */
		C0D4A2982A9224FC0000DAD2 /* PBXContainerItemProxy */ = {
			isa = PBXContainerItemProxy;
			containerPortal = C0D4A27F2A9224FA0000DAD2 /* Project object */;
			proxyType = 1;
			remoteGlobalIDString = C0D4A2862A9224FA0000DAD2;
			remoteInfo = FindFlightApp;
		};
		C0D4A2A22A9224FC0000DAD2 /* PBXContainerItemProxy */ = {
			isa = PBXContainerItemProxy;
			containerPortal = C0D4A27F2A9224FA0000DAD2 /* Project object */;
			proxyType = 1;
			remoteGlobalIDString = C0D4A2862A9224FA0000DAD2;
			remoteInfo = FindFlightApp;
		};
/* End PBXContainerItemProxy section */

/* Begin PBXFileReference section */
		C0D4A2872A9224FA0000DAD2 /* FindFlightApp.app */ = {isa = PBXFileReference; explicitFileType = wrapper.application; includeInIndex = 0; path = FindFlightApp.app; sourceTree = BUILT_PRODUCTS_DIR; };
		C0D4A28A2A9224FA0000DAD2 /* FindFlightAppApp.swift */ = {isa = PBXFileReference; lastKnownFileType = sourcecode.swift; path = FindFlightAppApp.swift; sourceTree = "<group>"; };
		C0D4A28E2A9224FC0000DAD2 /* Assets.xcassets */ = {isa = PBXFileReference; lastKnownFileType = folder.assetcatalog; path = Assets.xcassets; sourceTree = "<group>"; };
		C0D4A2912A9224FC0000DAD2 /* Preview Assets.xcassets */ = {isa = PBXFileReference; lastKnownFileType = folder.assetcatalog; path = "Preview Assets.xcassets"; sourceTree = "<group>"; };
		C0D4A2972A9224FC0000DAD2 /* FindFlightAppTests.xctest */ = {isa = PBXFileReference; explicitFileType = wrapper.cfbundle; includeInIndex = 0; path = FindFlightAppTests.xctest; sourceTree = BUILT_PRODUCTS_DIR; };
		C0D4A29B2A9224FC0000DAD2 /* FindFlightAppTests.swift */ = {isa = PBXFileReference; lastKnownFileType = sourcecode.swift; path = FindFlightAppTests.swift; sourceTree = "<group>"; };
		C0D4A2A12A9224FC0000DAD2 /* FindFlightAppUITests.xctest */ = {isa = PBXFileReference; explicitFileType = wrapper.cfbundle; includeInIndex = 0; path = FindFlightAppUITests.xctest; sourceTree = BUILT_PRODUCTS_DIR; };
		C0D4A2A52A9224FC0000DAD2 /* FindFlightAppUITests.swift */ = {isa = PBXFileReference; lastKnownFileType = sourcecode.swift; path = FindFlightAppUITests.swift; sourceTree = "<group>"; };
		C0D4A2A72A9224FC0000DAD2 /* FindFlightAppUITestsLaunchTests.swift */ = {isa = PBXFileReference; lastKnownFileType = sourcecode.swift; path = FindFlightAppUITestsLaunchTests.swift; sourceTree = "<group>"; };
		C0D4A2B82A9225D50000DAD2 /* APIService.swift */ = {isa = PBXFileReference; fileEncoding = 4; lastKnownFileType = sourcecode.swift; path = APIService.swift; sourceTree = "<group>"; };
		C0D4A2B92A9225D50000DAD2 /* GraphQLOperation.swift */ = {isa = PBXFileReference; fileEncoding = 4; lastKnownFileType = sourcecode.swift; path = GraphQLOperation.swift; sourceTree = "<group>"; };
		C0D4A2BA2A9225D50000DAD2 /* NetworkError.swift */ = {isa = PBXFileReference; fileEncoding = 4; lastKnownFileType = sourcecode.swift; path = NetworkError.swift; sourceTree = "<group>"; };
		C0D4A2BB2A9225D50000DAD2 /* GraphQLResult.swift */ = {isa = PBXFileReference; fileEncoding = 4; lastKnownFileType = sourcecode.swift; path = GraphQLResult.swift; sourceTree = "<group>"; };
		C0D4A2C22A9226590000DAD2 /* PlacesService.swift */ = {isa = PBXFileReference; fileEncoding = 4; lastKnownFileType = sourcecode.swift; path = PlacesService.swift; sourceTree = "<group>"; };
		C0D4A2C32A9226590000DAD2 /* PlacesOutput.swift */ = {isa = PBXFileReference; fileEncoding = 4; lastKnownFileType = sourcecode.swift; path = PlacesOutput.swift; sourceTree = "<group>"; };
		C0D4A2C42A9226590000DAD2 /* PlacesInput.swift */ = {isa = PBXFileReference; fileEncoding = 4; lastKnownFileType = sourcecode.swift; path = PlacesInput.swift; sourceTree = "<group>"; };
		C0D4A2C52A9226590000DAD2 /* PlacesQueryBody.swift */ = {isa = PBXFileReference; fileEncoding = 4; lastKnownFileType = sourcecode.swift; path = PlacesQueryBody.swift; sourceTree = "<group>"; };
		C0D4A2CB2A9227440000DAD2 /* FlightsOutput.swift */ = {isa = PBXFileReference; fileEncoding = 4; lastKnownFileType = sourcecode.swift; path = FlightsOutput.swift; sourceTree = "<group>"; };
		C0D4A2CC2A9227440000DAD2 /* FlightsQueryBody.swift */ = {isa = PBXFileReference; fileEncoding = 4; lastKnownFileType = sourcecode.swift; path = FlightsQueryBody.swift; sourceTree = "<group>"; };
		C0D4A2CD2A9227440000DAD2 /* FlightsService.swift */ = {isa = PBXFileReference; fileEncoding = 4; lastKnownFileType = sourcecode.swift; path = FlightsService.swift; sourceTree = "<group>"; };
		C0D4A2CE2A9227440000DAD2 /* FlightsInput.swift */ = {isa = PBXFileReference; fileEncoding = 4; lastKnownFileType = sourcecode.swift; path = FlightsInput.swift; sourceTree = "<group>"; };
		C0D4A2D82A9227E50000DAD2 /* FlightsPresenter.swift */ = {isa = PBXFileReference; fileEncoding = 4; lastKnownFileType = sourcecode.swift; path = FlightsPresenter.swift; sourceTree = "<group>"; };
		C0D4A2D92A9227E50000DAD2 /* FlightsMapper.swift */ = {isa = PBXFileReference; fileEncoding = 4; lastKnownFileType = sourcecode.swift; path = FlightsMapper.swift; sourceTree = "<group>"; };
		C0D4A2DC2A9227FF0000DAD2 /* FlightsPresenting.swift */ = {isa = PBXFileReference; fileEncoding = 4; lastKnownFileType = sourcecode.swift; path = FlightsPresenting.swift; sourceTree = "<group>"; };
		C0D4A2DD2A9227FF0000DAD2 /* FlightsScene.swift */ = {isa = PBXFileReference; fileEncoding = 4; lastKnownFileType = sourcecode.swift; path = FlightsScene.swift; sourceTree = "<group>"; };
		C0D4A2DE2A9227FF0000DAD2 /* FlightsViewModel.swift */ = {isa = PBXFileReference; fileEncoding = 4; lastKnownFileType = sourcecode.swift; path = FlightsViewModel.swift; sourceTree = "<group>"; };
		C0D4A2E32A92280F0000DAD2 /* FlightsObservable.swift */ = {isa = PBXFileReference; fileEncoding = 4; lastKnownFileType = sourcecode.swift; path = FlightsObservable.swift; sourceTree = "<group>"; };
		C0D4A2E52A9228150000DAD2 /* FlightListView.swift */ = {isa = PBXFileReference; fileEncoding = 4; lastKnownFileType = sourcecode.swift; path = FlightListView.swift; sourceTree = "<group>"; };
		C0D4A2E62A9228150000DAD2 /* FlightItemView.swift */ = {isa = PBXFileReference; fileEncoding = 4; lastKnownFileType = sourcecode.swift; path = FlightItemView.swift; sourceTree = "<group>"; };
		C0D4A2E72A9228150000DAD2 /* FlightsView.swift */ = {isa = PBXFileReference; fileEncoding = 4; lastKnownFileType = sourcecode.swift; path = FlightsView.swift; sourceTree = "<group>"; };
		C0D4A2EB2A9228270000DAD2 /* FlightsScreenBuilder.swift */ = {isa = PBXFileReference; fileEncoding = 4; lastKnownFileType = sourcecode.swift; path = FlightsScreenBuilder.swift; sourceTree = "<group>"; };
		C0D4A2ED2A92282E0000DAD2 /* Launcher.swift */ = {isa = PBXFileReference; fileEncoding = 4; lastKnownFileType = sourcecode.swift; path = Launcher.swift; sourceTree = "<group>"; };
		C0D4A2EF2A9229580000DAD2 /* FlightsPresenterTests.swift */ = {isa = PBXFileReference; lastKnownFileType = sourcecode.swift; path = FlightsPresenterTests.swift; sourceTree = "<group>"; };
		C0D4A2F12A9229710000DAD2 /* APIServiceInterface.swift */ = {isa = PBXFileReference; lastKnownFileType = sourcecode.swift; path = APIServiceInterface.swift; sourceTree = "<group>"; };
		C0D4A2F92A922A980000DAD2 /* FlightsServiceInterface.swift */ = {isa = PBXFileReference; lastKnownFileType = sourcecode.swift; path = FlightsServiceInterface.swift; sourceTree = "<group>"; };
		C0D4A2FC2A922AB80000DAD2 /* PlacesServiceInterface.swift */ = {isa = PBXFileReference; lastKnownFileType = sourcecode.swift; path = PlacesServiceInterface.swift; sourceTree = "<group>"; };
		C0D4A3032A922BCB0000DAD2 /* Mocks.swift */ = {isa = PBXFileReference; lastKnownFileType = sourcecode.swift; path = Mocks.swift; sourceTree = "<group>"; };
		C0D4A3092A9242720000DAD2 /* Builders.swift */ = {isa = PBXFileReference; lastKnownFileType = sourcecode.swift; path = Builders.swift; sourceTree = "<group>"; };
/* End PBXFileReference section */

/* Begin PBXFrameworksBuildPhase section */
		C0D4A2842A9224FA0000DAD2 /* Frameworks */ = {
			isa = PBXFrameworksBuildPhase;
			buildActionMask = 2147483647;
			files = (
			);
			runOnlyForDeploymentPostprocessing = 0;
		};
		C0D4A2942A9224FC0000DAD2 /* Frameworks */ = {
			isa = PBXFrameworksBuildPhase;
			buildActionMask = 2147483647;
			files = (
			);
			runOnlyForDeploymentPostprocessing = 0;
		};
		C0D4A29E2A9224FC0000DAD2 /* Frameworks */ = {
			isa = PBXFrameworksBuildPhase;
			buildActionMask = 2147483647;
			files = (
			);
			runOnlyForDeploymentPostprocessing = 0;
		};
/* End PBXFrameworksBuildPhase section */

/* Begin PBXGroup section */
		C0D4A27E2A9224FA0000DAD2 = {
			isa = PBXGroup;
			children = (
				C0D4A2892A9224FA0000DAD2 /* FindFlightApp */,
				C0D4A29A2A9224FC0000DAD2 /* FindFlightAppTests */,
				C0D4A2A42A9224FC0000DAD2 /* FindFlightAppUITests */,
				C0D4A2882A9224FA0000DAD2 /* Products */,
			);
			sourceTree = "<group>";
		};
		C0D4A2882A9224FA0000DAD2 /* Products */ = {
			isa = PBXGroup;
			children = (
				C0D4A2872A9224FA0000DAD2 /* FindFlightApp.app */,
				C0D4A2972A9224FC0000DAD2 /* FindFlightAppTests.xctest */,
				C0D4A2A12A9224FC0000DAD2 /* FindFlightAppUITests.xctest */,
			);
			name = Products;
			sourceTree = "<group>";
		};
		C0D4A2892A9224FA0000DAD2 /* FindFlightApp */ = {
			isa = PBXGroup;
			children = (
				C0D4A2D32A9227BB0000DAD2 /* Features */,
				C0D4A2B42A92258E0000DAD2 /* Services */,
				C0D4A28A2A9224FA0000DAD2 /* FindFlightAppApp.swift */,
				C0D4A2EB2A9228270000DAD2 /* FlightsScreenBuilder.swift */,
				C0D4A2ED2A92282E0000DAD2 /* Launcher.swift */,
				C0D4A28E2A9224FC0000DAD2 /* Assets.xcassets */,
				C0D4A2902A9224FC0000DAD2 /* Preview Content */,
			);
			path = FindFlightApp;
			sourceTree = "<group>";
		};
		C0D4A2902A9224FC0000DAD2 /* Preview Content */ = {
			isa = PBXGroup;
			children = (
				C0D4A2912A9224FC0000DAD2 /* Preview Assets.xcassets */,
			);
			path = "Preview Content";
			sourceTree = "<group>";
		};
		C0D4A29A2A9224FC0000DAD2 /* FindFlightAppTests */ = {
			isa = PBXGroup;
			children = (
				C0D4A29B2A9224FC0000DAD2 /* FindFlightAppTests.swift */,
				C0D4A2EF2A9229580000DAD2 /* FlightsPresenterTests.swift */,
				C0D4A3032A922BCB0000DAD2 /* Mocks.swift */,
				C0D4A3092A9242720000DAD2 /* Builders.swift */,
			);
			path = FindFlightAppTests;
			sourceTree = "<group>";
		};
		C0D4A2A42A9224FC0000DAD2 /* FindFlightAppUITests */ = {
			isa = PBXGroup;
			children = (
				C0D4A2A52A9224FC0000DAD2 /* FindFlightAppUITests.swift */,
				C0D4A2A72A9224FC0000DAD2 /* FindFlightAppUITestsLaunchTests.swift */,
			);
			path = FindFlightAppUITests;
			sourceTree = "<group>";
		};
		C0D4A2B42A92258E0000DAD2 /* Services */ = {
			isa = PBXGroup;
			children = (
				C0D4A2CA2A92272B0000DAD2 /* FlightsService */,
				C0D4A2C12A9226440000DAD2 /* PlacesService */,
				C0D4A2B72A9225AB0000DAD2 /* APIService */,
			);
			path = Services;
			sourceTree = "<group>";
		};
		C0D4A2B72A9225AB0000DAD2 /* APIService */ = {
			isa = PBXGroup;
			children = (
				C0D4A2F12A9229710000DAD2 /* APIServiceInterface.swift */,
				C0D4A2B82A9225D50000DAD2 /* APIService.swift */,
				C0D4A2B92A9225D50000DAD2 /* GraphQLOperation.swift */,
				C0D4A2BB2A9225D50000DAD2 /* GraphQLResult.swift */,
				C0D4A2BA2A9225D50000DAD2 /* NetworkError.swift */,
			);
			path = APIService;
			sourceTree = "<group>";
		};
		C0D4A2C12A9226440000DAD2 /* PlacesService */ = {
			isa = PBXGroup;
			children = (
				C0D4A2C42A9226590000DAD2 /* PlacesInput.swift */,
				C0D4A2C32A9226590000DAD2 /* PlacesOutput.swift */,
				C0D4A2C52A9226590000DAD2 /* PlacesQueryBody.swift */,
				C0D4A2C22A9226590000DAD2 /* PlacesService.swift */,
				C0D4A2FC2A922AB80000DAD2 /* PlacesServiceInterface.swift */,
			);
			path = PlacesService;
			sourceTree = "<group>";
		};
		C0D4A2CA2A92272B0000DAD2 /* FlightsService */ = {
			isa = PBXGroup;
			children = (
				C0D4A2CE2A9227440000DAD2 /* FlightsInput.swift */,
				C0D4A2CB2A9227440000DAD2 /* FlightsOutput.swift */,
				C0D4A2CC2A9227440000DAD2 /* FlightsQueryBody.swift */,
				C0D4A2CD2A9227440000DAD2 /* FlightsService.swift */,
				C0D4A2F92A922A980000DAD2 /* FlightsServiceInterface.swift */,
			);
			path = FlightsService;
			sourceTree = "<group>";
		};
		C0D4A2D32A9227BB0000DAD2 /* Features */ = {
			isa = PBXGroup;
			children = (
				C0D4A2D42A9227C40000DAD2 /* Flights */,
			);
			path = Features;
			sourceTree = "<group>";
		};
		C0D4A2D42A9227C40000DAD2 /* Flights */ = {
			isa = PBXGroup;
			children = (
				C0D4A2D72A9227D70000DAD2 /* PresentationInterface */,
				C0D4A2D62A9227D10000DAD2 /* UI */,
				C0D4A2D52A9227CC0000DAD2 /* Presentation */,
			);
			path = Flights;
			sourceTree = "<group>";
		};
		C0D4A2D52A9227CC0000DAD2 /* Presentation */ = {
			isa = PBXGroup;
			children = (
				C0D4A2D92A9227E50000DAD2 /* FlightsMapper.swift */,
				C0D4A2D82A9227E50000DAD2 /* FlightsPresenter.swift */,
			);
			path = Presentation;
			sourceTree = "<group>";
		};
		C0D4A2D62A9227D10000DAD2 /* UI */ = {
			isa = PBXGroup;
			children = (
				C0D4A2E32A92280F0000DAD2 /* FlightsObservable.swift */,
				C0D4A2E22A9228080000DAD2 /* Views */,
			);
			path = UI;
			sourceTree = "<group>";
		};
		C0D4A2D72A9227D70000DAD2 /* PresentationInterface */ = {
			isa = PBXGroup;
			children = (
				C0D4A2DC2A9227FF0000DAD2 /* FlightsPresenting.swift */,
				C0D4A2DD2A9227FF0000DAD2 /* FlightsScene.swift */,
				C0D4A2DE2A9227FF0000DAD2 /* FlightsViewModel.swift */,
			);
			path = PresentationInterface;
			sourceTree = "<group>";
		};
		C0D4A2E22A9228080000DAD2 /* Views */ = {
			isa = PBXGroup;
			children = (
				C0D4A2E62A9228150000DAD2 /* FlightItemView.swift */,
				C0D4A2E52A9228150000DAD2 /* FlightListView.swift */,
				C0D4A2E72A9228150000DAD2 /* FlightsView.swift */,
			);
			path = Views;
			sourceTree = "<group>";
		};
/* End PBXGroup section */

/* Begin PBXNativeTarget section */
		C0D4A2862A9224FA0000DAD2 /* FindFlightApp */ = {
			isa = PBXNativeTarget;
			buildConfigurationList = C0D4A2AB2A9224FC0000DAD2 /* Build configuration list for PBXNativeTarget "FindFlightApp" */;
			buildPhases = (
				C0D4A2832A9224FA0000DAD2 /* Sources */,
				C0D4A2842A9224FA0000DAD2 /* Frameworks */,
				C0D4A2852A9224FA0000DAD2 /* Resources */,
			);
			buildRules = (
			);
			dependencies = (
			);
			name = FindFlightApp;
			productName = FindFlightApp;
			productReference = C0D4A2872A9224FA0000DAD2 /* FindFlightApp.app */;
			productType = "com.apple.product-type.application";
		};
		C0D4A2962A9224FC0000DAD2 /* FindFlightAppTests */ = {
			isa = PBXNativeTarget;
			buildConfigurationList = C0D4A2AE2A9224FC0000DAD2 /* Build configuration list for PBXNativeTarget "FindFlightAppTests" */;
			buildPhases = (
				C0D4A2932A9224FC0000DAD2 /* Sources */,
				C0D4A2942A9224FC0000DAD2 /* Frameworks */,
				C0D4A2952A9224FC0000DAD2 /* Resources */,
			);
			buildRules = (
			);
			dependencies = (
				C0D4A2992A9224FC0000DAD2 /* PBXTargetDependency */,
			);
			name = FindFlightAppTests;
			productName = FindFlightAppTests;
			productReference = C0D4A2972A9224FC0000DAD2 /* FindFlightAppTests.xctest */;
			productType = "com.apple.product-type.bundle.unit-test";
		};
		C0D4A2A02A9224FC0000DAD2 /* FindFlightAppUITests */ = {
			isa = PBXNativeTarget;
			buildConfigurationList = C0D4A2B12A9224FC0000DAD2 /* Build configuration list for PBXNativeTarget "FindFlightAppUITests" */;
			buildPhases = (
				C0D4A29D2A9224FC0000DAD2 /* Sources */,
				C0D4A29E2A9224FC0000DAD2 /* Frameworks */,
				C0D4A29F2A9224FC0000DAD2 /* Resources */,
			);
			buildRules = (
			);
			dependencies = (
				C0D4A2A32A9224FC0000DAD2 /* PBXTargetDependency */,
			);
			name = FindFlightAppUITests;
			productName = FindFlightAppUITests;
			productReference = C0D4A2A12A9224FC0000DAD2 /* FindFlightAppUITests.xctest */;
			productType = "com.apple.product-type.bundle.ui-testing";
		};
/* End PBXNativeTarget section */

/* Begin PBXProject section */
		C0D4A27F2A9224FA0000DAD2 /* Project object */ = {
			isa = PBXProject;
			attributes = {
				BuildIndependentTargetsInParallel = 1;
				LastSwiftUpdateCheck = 1430;
				LastUpgradeCheck = 1430;
				TargetAttributes = {
					C0D4A2862A9224FA0000DAD2 = {
						CreatedOnToolsVersion = 14.3.1;
					};
					C0D4A2962A9224FC0000DAD2 = {
						CreatedOnToolsVersion = 14.3.1;
						TestTargetID = C0D4A2862A9224FA0000DAD2;
					};
					C0D4A2A02A9224FC0000DAD2 = {
						CreatedOnToolsVersion = 14.3.1;
						TestTargetID = C0D4A2862A9224FA0000DAD2;
					};
				};
			};
			buildConfigurationList = C0D4A2822A9224FA0000DAD2 /* Build configuration list for PBXProject "FindFlightApp" */;
			compatibilityVersion = "Xcode 14.0";
			developmentRegion = en;
			hasScannedForEncodings = 0;
			knownRegions = (
				en,
				Base,
			);
			mainGroup = C0D4A27E2A9224FA0000DAD2;
			productRefGroup = C0D4A2882A9224FA0000DAD2 /* Products */;
			projectDirPath = "";
			projectRoot = "";
			targets = (
				C0D4A2862A9224FA0000DAD2 /* FindFlightApp */,
				C0D4A2962A9224FC0000DAD2 /* FindFlightAppTests */,
				C0D4A2A02A9224FC0000DAD2 /* FindFlightAppUITests */,
			);
		};
/* End PBXProject section */

/* Begin PBXResourcesBuildPhase section */
		C0D4A2852A9224FA0000DAD2 /* Resources */ = {
			isa = PBXResourcesBuildPhase;
			buildActionMask = 2147483647;
			files = (
				C0D4A2922A9224FC0000DAD2 /* Preview Assets.xcassets in Resources */,
				C0D4A28F2A9224FC0000DAD2 /* Assets.xcassets in Resources */,
			);
			runOnlyForDeploymentPostprocessing = 0;
		};
		C0D4A2952A9224FC0000DAD2 /* Resources */ = {
			isa = PBXResourcesBuildPhase;
			buildActionMask = 2147483647;
			files = (
			);
			runOnlyForDeploymentPostprocessing = 0;
		};
		C0D4A29F2A9224FC0000DAD2 /* Resources */ = {
			isa = PBXResourcesBuildPhase;
			buildActionMask = 2147483647;
			files = (
			);
			runOnlyForDeploymentPostprocessing = 0;
		};
/* End PBXResourcesBuildPhase section */

/* Begin PBXSourcesBuildPhase section */
		C0D4A2832A9224FA0000DAD2 /* Sources */ = {
			isa = PBXSourcesBuildPhase;
			buildActionMask = 2147483647;
			files = (
				C0D4A2D22A9227440000DAD2 /* FlightsInput.swift in Sources */,
				C0D4A2C62A9226590000DAD2 /* PlacesService.swift in Sources */,
				C0D4A2D12A9227440000DAD2 /* FlightsService.swift in Sources */,
				C0D4A2DA2A9227E50000DAD2 /* FlightsPresenter.swift in Sources */,
				C0D4A2DB2A9227E50000DAD2 /* FlightsMapper.swift in Sources */,
				C0D4A2BD2A9225D50000DAD2 /* GraphQLOperation.swift in Sources */,
				C0D4A2BC2A9225D50000DAD2 /* APIService.swift in Sources */,
				C0D4A2FA2A922A980000DAD2 /* FlightsServiceInterface.swift in Sources */,
				C0D4A2E82A9228150000DAD2 /* FlightListView.swift in Sources */,
				C0D4A2E42A92280F0000DAD2 /* FlightsObservable.swift in Sources */,
				C0D4A2FD2A922AB80000DAD2 /* PlacesServiceInterface.swift in Sources */,
				C0D4A2C92A9226590000DAD2 /* PlacesQueryBody.swift in Sources */,
				C0D4A28B2A9224FA0000DAD2 /* FindFlightAppApp.swift in Sources */,
				C0D4A2EE2A92282E0000DAD2 /* Launcher.swift in Sources */,
				C0D4A2E02A9227FF0000DAD2 /* FlightsScene.swift in Sources */,
				C0D4A2BF2A9225D50000DAD2 /* GraphQLResult.swift in Sources */,
				C0D4A2EA2A9228150000DAD2 /* FlightsView.swift in Sources */,
				C0D4A2C72A9226590000DAD2 /* PlacesOutput.swift in Sources */,
				C0D4A2E92A9228150000DAD2 /* FlightItemView.swift in Sources */,
				C0D4A2E12A9227FF0000DAD2 /* FlightsViewModel.swift in Sources */,
				C0D4A2CF2A9227440000DAD2 /* FlightsOutput.swift in Sources */,
				C0D4A2C82A9226590000DAD2 /* PlacesInput.swift in Sources */,
				C0D4A2D02A9227440000DAD2 /* FlightsQueryBody.swift in Sources */,
				C0D4A2EC2A9228270000DAD2 /* FlightsScreenBuilder.swift in Sources */,
				C0D4A2BE2A9225D50000DAD2 /* NetworkError.swift in Sources */,
				C0D4A2F22A9229710000DAD2 /* APIServiceInterface.swift in Sources */,
				C0D4A2DF2A9227FF0000DAD2 /* FlightsPresenting.swift in Sources */,
			);
			runOnlyForDeploymentPostprocessing = 0;
		};
		C0D4A2932A9224FC0000DAD2 /* Sources */ = {
			isa = PBXSourcesBuildPhase;
			buildActionMask = 2147483647;
			files = (
				C0D4A3022A922B470000DAD2 /* FlightsInput.swift in Sources */,
				C0D4A3062A9238A20000DAD2 /* NetworkError.swift in Sources */,
				C0D4A3072A923C790000DAD2 /* FlightsMapper.swift in Sources */,
				C0D4A2F62A922A340000DAD2 /* FlightsViewModel.swift in Sources */,
				C0D4A2F02A9229580000DAD2 /* FlightsPresenterTests.swift in Sources */,
				C0D4A30A2A9242720000DAD2 /* Builders.swift in Sources */,
				C0D4A3002A922B3F0000DAD2 /* PlacesOutput.swift in Sources */,
				C0D4A2F42A922A260000DAD2 /* GraphQLOperation.swift in Sources */,
				C0D4A2F32A9229710000DAD2 /* APIServiceInterface.swift in Sources */,
				C0D4A2FF2A922B3F0000DAD2 /* PlacesInput.swift in Sources */,
				C0D4A3012A922B470000DAD2 /* FlightsOutput.swift in Sources */,
				C0D4A2F82A922A340000DAD2 /* FlightsScene.swift in Sources */,
				C0D4A2FE2A922AB80000DAD2 /* PlacesServiceInterface.swift in Sources */,
				C0D4A2F52A922A2F0000DAD2 /* FlightsPresenter.swift in Sources */,
				C0D4A2F72A922A340000DAD2 /* FlightsPresenting.swift in Sources */,
				C0D4A29C2A9224FC0000DAD2 /* FindFlightAppTests.swift in Sources */,
				C0D4A2FB2A922A980000DAD2 /* FlightsServiceInterface.swift in Sources */,
				C0D4A3052A922BCB0000DAD2 /* Mocks.swift in Sources */,
			);
			runOnlyForDeploymentPostprocessing = 0;
		};
		C0D4A29D2A9224FC0000DAD2 /* Sources */ = {
			isa = PBXSourcesBuildPhase;
			buildActionMask = 2147483647;
			files = (
				C0D4A2A62A9224FC0000DAD2 /* FindFlightAppUITests.swift in Sources */,
				C0D4A2A82A9224FC0000DAD2 /* FindFlightAppUITestsLaunchTests.swift in Sources */,
			);
			runOnlyForDeploymentPostprocessing = 0;
		};
/* End PBXSourcesBuildPhase section */

/* Begin PBXTargetDependency section */
		C0D4A2992A9224FC0000DAD2 /* PBXTargetDependency */ = {
			isa = PBXTargetDependency;
			target = C0D4A2862A9224FA0000DAD2 /* FindFlightApp */;
			targetProxy = C0D4A2982A9224FC0000DAD2 /* PBXContainerItemProxy */;
		};
		C0D4A2A32A9224FC0000DAD2 /* PBXTargetDependency */ = {
			isa = PBXTargetDependency;
			target = C0D4A2862A9224FA0000DAD2 /* FindFlightApp */;
			targetProxy = C0D4A2A22A9224FC0000DAD2 /* PBXContainerItemProxy */;
		};
/* End PBXTargetDependency section */

/* Begin XCBuildConfiguration section */
		C0D4A2A92A9224FC0000DAD2 /* Debug */ = {
			isa = XCBuildConfiguration;
			buildSettings = {
				ALWAYS_SEARCH_USER_PATHS = NO;
				CLANG_ANALYZER_NONNULL = YES;
				CLANG_ANALYZER_NUMBER_OBJECT_CONVERSION = YES_AGGRESSIVE;
				CLANG_CXX_LANGUAGE_STANDARD = "gnu++20";
				CLANG_ENABLE_MODULES = YES;
				CLANG_ENABLE_OBJC_ARC = YES;
				CLANG_ENABLE_OBJC_WEAK = YES;
				CLANG_WARN_BLOCK_CAPTURE_AUTORELEASING = YES;
				CLANG_WARN_BOOL_CONVERSION = YES;
				CLANG_WARN_COMMA = YES;
				CLANG_WARN_CONSTANT_CONVERSION = YES;
				CLANG_WARN_DEPRECATED_OBJC_IMPLEMENTATIONS = YES;
				CLANG_WARN_DIRECT_OBJC_ISA_USAGE = YES_ERROR;
				CLANG_WARN_DOCUMENTATION_COMMENTS = YES;
				CLANG_WARN_EMPTY_BODY = YES;
				CLANG_WARN_ENUM_CONVERSION = YES;
				CLANG_WARN_INFINITE_RECURSION = YES;
				CLANG_WARN_INT_CONVERSION = YES;
				CLANG_WARN_NON_LITERAL_NULL_CONVERSION = YES;
				CLANG_WARN_OBJC_IMPLICIT_RETAIN_SELF = YES;
				CLANG_WARN_OBJC_LITERAL_CONVERSION = YES;
				CLANG_WARN_OBJC_ROOT_CLASS = YES_ERROR;
				CLANG_WARN_QUOTED_INCLUDE_IN_FRAMEWORK_HEADER = YES;
				CLANG_WARN_RANGE_LOOP_ANALYSIS = YES;
				CLANG_WARN_STRICT_PROTOTYPES = YES;
				CLANG_WARN_SUSPICIOUS_MOVE = YES;
				CLANG_WARN_UNGUARDED_AVAILABILITY = YES_AGGRESSIVE;
				CLANG_WARN_UNREACHABLE_CODE = YES;
				CLANG_WARN__DUPLICATE_METHOD_MATCH = YES;
				COPY_PHASE_STRIP = NO;
				DEBUG_INFORMATION_FORMAT = dwarf;
				ENABLE_STRICT_OBJC_MSGSEND = YES;
				ENABLE_TESTABILITY = YES;
				GCC_C_LANGUAGE_STANDARD = gnu11;
				GCC_DYNAMIC_NO_PIC = NO;
				GCC_NO_COMMON_BLOCKS = YES;
				GCC_OPTIMIZATION_LEVEL = 0;
				GCC_PREPROCESSOR_DEFINITIONS = (
					"DEBUG=1",
					"$(inherited)",
				);
				GCC_WARN_64_TO_32_BIT_CONVERSION = YES;
				GCC_WARN_ABOUT_RETURN_TYPE = YES_ERROR;
				GCC_WARN_UNDECLARED_SELECTOR = YES;
				GCC_WARN_UNINITIALIZED_AUTOS = YES_AGGRESSIVE;
				GCC_WARN_UNUSED_FUNCTION = YES;
				GCC_WARN_UNUSED_VARIABLE = YES;
				IPHONEOS_DEPLOYMENT_TARGET = 16.4;
				MTL_ENABLE_DEBUG_INFO = INCLUDE_SOURCE;
				MTL_FAST_MATH = YES;
				ONLY_ACTIVE_ARCH = YES;
				SDKROOT = iphoneos;
				SWIFT_ACTIVE_COMPILATION_CONDITIONS = DEBUG;
				SWIFT_OPTIMIZATION_LEVEL = "-Onone";
			};
			name = Debug;
		};
		C0D4A2AA2A9224FC0000DAD2 /* Release */ = {
			isa = XCBuildConfiguration;
			buildSettings = {
				ALWAYS_SEARCH_USER_PATHS = NO;
				CLANG_ANALYZER_NONNULL = YES;
				CLANG_ANALYZER_NUMBER_OBJECT_CONVERSION = YES_AGGRESSIVE;
				CLANG_CXX_LANGUAGE_STANDARD = "gnu++20";
				CLANG_ENABLE_MODULES = YES;
				CLANG_ENABLE_OBJC_ARC = YES;
				CLANG_ENABLE_OBJC_WEAK = YES;
				CLANG_WARN_BLOCK_CAPTURE_AUTORELEASING = YES;
				CLANG_WARN_BOOL_CONVERSION = YES;
				CLANG_WARN_COMMA = YES;
				CLANG_WARN_CONSTANT_CONVERSION = YES;
				CLANG_WARN_DEPRECATED_OBJC_IMPLEMENTATIONS = YES;
				CLANG_WARN_DIRECT_OBJC_ISA_USAGE = YES_ERROR;
				CLANG_WARN_DOCUMENTATION_COMMENTS = YES;
				CLANG_WARN_EMPTY_BODY = YES;
				CLANG_WARN_ENUM_CONVERSION = YES;
				CLANG_WARN_INFINITE_RECURSION = YES;
				CLANG_WARN_INT_CONVERSION = YES;
				CLANG_WARN_NON_LITERAL_NULL_CONVERSION = YES;
				CLANG_WARN_OBJC_IMPLICIT_RETAIN_SELF = YES;
				CLANG_WARN_OBJC_LITERAL_CONVERSION = YES;
				CLANG_WARN_OBJC_ROOT_CLASS = YES_ERROR;
				CLANG_WARN_QUOTED_INCLUDE_IN_FRAMEWORK_HEADER = YES;
				CLANG_WARN_RANGE_LOOP_ANALYSIS = YES;
				CLANG_WARN_STRICT_PROTOTYPES = YES;
				CLANG_WARN_SUSPICIOUS_MOVE = YES;
				CLANG_WARN_UNGUARDED_AVAILABILITY = YES_AGGRESSIVE;
				CLANG_WARN_UNREACHABLE_CODE = YES;
				CLANG_WARN__DUPLICATE_METHOD_MATCH = YES;
				COPY_PHASE_STRIP = NO;
				DEBUG_INFORMATION_FORMAT = "dwarf-with-dsym";
				ENABLE_NS_ASSERTIONS = NO;
				ENABLE_STRICT_OBJC_MSGSEND = YES;
				GCC_C_LANGUAGE_STANDARD = gnu11;
				GCC_NO_COMMON_BLOCKS = YES;
				GCC_WARN_64_TO_32_BIT_CONVERSION = YES;
				GCC_WARN_ABOUT_RETURN_TYPE = YES_ERROR;
				GCC_WARN_UNDECLARED_SELECTOR = YES;
				GCC_WARN_UNINITIALIZED_AUTOS = YES_AGGRESSIVE;
				GCC_WARN_UNUSED_FUNCTION = YES;
				GCC_WARN_UNUSED_VARIABLE = YES;
				IPHONEOS_DEPLOYMENT_TARGET = 16.4;
				MTL_ENABLE_DEBUG_INFO = NO;
				MTL_FAST_MATH = YES;
				SDKROOT = iphoneos;
				SWIFT_COMPILATION_MODE = wholemodule;
				SWIFT_OPTIMIZATION_LEVEL = "-O";
				VALIDATE_PRODUCT = YES;
			};
			name = Release;
		};
		C0D4A2AC2A9224FC0000DAD2 /* Debug */ = {
			isa = XCBuildConfiguration;
			buildSettings = {
				ASSETCATALOG_COMPILER_APPICON_NAME = AppIcon;
				ASSETCATALOG_COMPILER_GLOBAL_ACCENT_COLOR_NAME = AccentColor;
				CODE_SIGN_STYLE = Automatic;
				CURRENT_PROJECT_VERSION = 1;
				DEVELOPMENT_ASSET_PATHS = "\"FindFlightApp/Preview Content\"";
				ENABLE_PREVIEWS = YES;
				GENERATE_INFOPLIST_FILE = YES;
				INFOPLIST_KEY_UIApplicationSceneManifest_Generation = YES;
				INFOPLIST_KEY_UIApplicationSupportsIndirectInputEvents = YES;
				INFOPLIST_KEY_UILaunchScreen_Generation = YES;
				INFOPLIST_KEY_UISupportedInterfaceOrientations_iPad = "UIInterfaceOrientationPortrait UIInterfaceOrientationPortraitUpsideDown UIInterfaceOrientationLandscapeLeft UIInterfaceOrientationLandscapeRight";
				INFOPLIST_KEY_UISupportedInterfaceOrientations_iPhone = "UIInterfaceOrientationPortrait UIInterfaceOrientationLandscapeLeft UIInterfaceOrientationLandscapeRight";
				LD_RUNPATH_SEARCH_PATHS = (
					"$(inherited)",
					"@executable_path/Frameworks",
				);
				MARKETING_VERSION = 1.0;
				PRODUCT_BUNDLE_IDENTIFIER = ViktorDrykin.FindFlightApp;
				PRODUCT_NAME = "$(TARGET_NAME)";
				SWIFT_EMIT_LOC_STRINGS = YES;
				SWIFT_VERSION = 5.0;
				TARGETED_DEVICE_FAMILY = "1,2";
			};
			name = Debug;
		};
		C0D4A2AD2A9224FC0000DAD2 /* Release */ = {
			isa = XCBuildConfiguration;
			buildSettings = {
				ASSETCATALOG_COMPILER_APPICON_NAME = AppIcon;
				ASSETCATALOG_COMPILER_GLOBAL_ACCENT_COLOR_NAME = AccentColor;
				CODE_SIGN_STYLE = Automatic;
				CURRENT_PROJECT_VERSION = 1;
				DEVELOPMENT_ASSET_PATHS = "\"FindFlightApp/Preview Content\"";
				ENABLE_PREVIEWS = YES;
				GENERATE_INFOPLIST_FILE = YES;
				INFOPLIST_KEY_UIApplicationSceneManifest_Generation = YES;
				INFOPLIST_KEY_UIApplicationSupportsIndirectInputEvents = YES;
				INFOPLIST_KEY_UILaunchScreen_Generation = YES;
				INFOPLIST_KEY_UISupportedInterfaceOrientations_iPad = "UIInterfaceOrientationPortrait UIInterfaceOrientationPortraitUpsideDown UIInterfaceOrientationLandscapeLeft UIInterfaceOrientationLandscapeRight";
				INFOPLIST_KEY_UISupportedInterfaceOrientations_iPhone = "UIInterfaceOrientationPortrait UIInterfaceOrientationLandscapeLeft UIInterfaceOrientationLandscapeRight";
				LD_RUNPATH_SEARCH_PATHS = (
					"$(inherited)",
					"@executable_path/Frameworks",
				);
				MARKETING_VERSION = 1.0;
				PRODUCT_BUNDLE_IDENTIFIER = ViktorDrykin.FindFlightApp;
				PRODUCT_NAME = "$(TARGET_NAME)";
				SWIFT_EMIT_LOC_STRINGS = YES;
				SWIFT_VERSION = 5.0;
				TARGETED_DEVICE_FAMILY = "1,2";
			};
			name = Release;
		};
		C0D4A2AF2A9224FC0000DAD2 /* Debug */ = {
			isa = XCBuildConfiguration;
			buildSettings = {
				ALWAYS_EMBED_SWIFT_STANDARD_LIBRARIES = YES;
				BUNDLE_LOADER = "$(TEST_HOST)";
				CODE_SIGN_STYLE = Automatic;
				CURRENT_PROJECT_VERSION = 1;
				GENERATE_INFOPLIST_FILE = YES;
				IPHONEOS_DEPLOYMENT_TARGET = 16.4;
				MARKETING_VERSION = 1.0;
				PRODUCT_BUNDLE_IDENTIFIER = ViktorDrykin.FindFlightAppTests;
				PRODUCT_NAME = "$(TARGET_NAME)";
				SWIFT_EMIT_LOC_STRINGS = NO;
				SWIFT_VERSION = 5.0;
				TARGETED_DEVICE_FAMILY = "1,2";
				TEST_HOST = "$(BUILT_PRODUCTS_DIR)/FindFlightApp.app/$(BUNDLE_EXECUTABLE_FOLDER_PATH)/FindFlightApp";
			};
			name = Debug;
		};
		C0D4A2B02A9224FC0000DAD2 /* Release */ = {
			isa = XCBuildConfiguration;
			buildSettings = {
				ALWAYS_EMBED_SWIFT_STANDARD_LIBRARIES = YES;
				BUNDLE_LOADER = "$(TEST_HOST)";
				CODE_SIGN_STYLE = Automatic;
				CURRENT_PROJECT_VERSION = 1;
				GENERATE_INFOPLIST_FILE = YES;
				IPHONEOS_DEPLOYMENT_TARGET = 16.4;
				MARKETING_VERSION = 1.0;
				PRODUCT_BUNDLE_IDENTIFIER = ViktorDrykin.FindFlightAppTests;
				PRODUCT_NAME = "$(TARGET_NAME)";
				SWIFT_EMIT_LOC_STRINGS = NO;
				SWIFT_VERSION = 5.0;
				TARGETED_DEVICE_FAMILY = "1,2";
				TEST_HOST = "$(BUILT_PRODUCTS_DIR)/FindFlightApp.app/$(BUNDLE_EXECUTABLE_FOLDER_PATH)/FindFlightApp";
			};
			name = Release;
		};
		C0D4A2B22A9224FC0000DAD2 /* Debug */ = {
			isa = XCBuildConfiguration;
			buildSettings = {
				ALWAYS_EMBED_SWIFT_STANDARD_LIBRARIES = YES;
				CODE_SIGN_STYLE = Automatic;
				CURRENT_PROJECT_VERSION = 1;
				GENERATE_INFOPLIST_FILE = YES;
				MARKETING_VERSION = 1.0;
				PRODUCT_BUNDLE_IDENTIFIER = ViktorDrykin.FindFlightAppUITests;
				PRODUCT_NAME = "$(TARGET_NAME)";
				SWIFT_EMIT_LOC_STRINGS = NO;
				SWIFT_VERSION = 5.0;
				TARGETED_DEVICE_FAMILY = "1,2";
				TEST_TARGET_NAME = FindFlightApp;
			};
			name = Debug;
		};
		C0D4A2B32A9224FC0000DAD2 /* Release */ = {
			isa = XCBuildConfiguration;
			buildSettings = {
				ALWAYS_EMBED_SWIFT_STANDARD_LIBRARIES = YES;
				CODE_SIGN_STYLE = Automatic;
				CURRENT_PROJECT_VERSION = 1;
				GENERATE_INFOPLIST_FILE = YES;
				MARKETING_VERSION = 1.0;
				PRODUCT_BUNDLE_IDENTIFIER = ViktorDrykin.FindFlightAppUITests;
				PRODUCT_NAME = "$(TARGET_NAME)";
				SWIFT_EMIT_LOC_STRINGS = NO;
				SWIFT_VERSION = 5.0;
				TARGETED_DEVICE_FAMILY = "1,2";
				TEST_TARGET_NAME = FindFlightApp;
			};
			name = Release;
		};
/* End XCBuildConfiguration section */

/* Begin XCConfigurationList section */
		C0D4A2822A9224FA0000DAD2 /* Build configuration list for PBXProject "FindFlightApp" */ = {
			isa = XCConfigurationList;
			buildConfigurations = (
				C0D4A2A92A9224FC0000DAD2 /* Debug */,
				C0D4A2AA2A9224FC0000DAD2 /* Release */,
			);
			defaultConfigurationIsVisible = 0;
			defaultConfigurationName = Release;
		};
		C0D4A2AB2A9224FC0000DAD2 /* Build configuration list for PBXNativeTarget "FindFlightApp" */ = {
			isa = XCConfigurationList;
			buildConfigurations = (
				C0D4A2AC2A9224FC0000DAD2 /* Debug */,
				C0D4A2AD2A9224FC0000DAD2 /* Release */,
			);
			defaultConfigurationIsVisible = 0;
			defaultConfigurationName = Release;
		};
		C0D4A2AE2A9224FC0000DAD2 /* Build configuration list for PBXNativeTarget "FindFlightAppTests" */ = {
			isa = XCConfigurationList;
			buildConfigurations = (
				C0D4A2AF2A9224FC0000DAD2 /* Debug */,
				C0D4A2B02A9224FC0000DAD2 /* Release */,
			);
			defaultConfigurationIsVisible = 0;
			defaultConfigurationName = Release;
		};
		C0D4A2B12A9224FC0000DAD2 /* Build configuration list for PBXNativeTarget "FindFlightAppUITests" */ = {
			isa = XCConfigurationList;
			buildConfigurations = (
				C0D4A2B22A9224FC0000DAD2 /* Debug */,
				C0D4A2B32A9224FC0000DAD2 /* Release */,
			);
			defaultConfigurationIsVisible = 0;
			defaultConfigurationName = Release;
		};
/* End XCConfigurationList section */
	};
	rootObject = C0D4A27F2A9224FA0000DAD2 /* Project object */;
}
